// !$*UTF8*$!
{
	archiveVersion = 1;
	classes = {
	};
	objectVersion = 55;
	objects = {

/* Begin PBXBuildFile section */
		161711D728B4F13500390699 /* Rick_and_Morty_API___MVVM___Swift_UIApp.swift in Sources */ = {isa = PBXBuildFile; fileRef = 161711D628B4F13500390699 /* Rick_and_Morty_API___MVVM___Swift_UIApp.swift */; };
		161711D928B4F13500390699 /* ContentView.swift in Sources */ = {isa = PBXBuildFile; fileRef = 161711D828B4F13500390699 /* ContentView.swift */; };
		161711DB28B4F13900390699 /* Assets.xcassets in Resources */ = {isa = PBXBuildFile; fileRef = 161711DA28B4F13900390699 /* Assets.xcassets */; };
		161711DE28B4F13900390699 /* Preview Assets.xcassets in Resources */ = {isa = PBXBuildFile; fileRef = 161711DD28B4F13900390699 /* Preview Assets.xcassets */; };
		161711E828B4F18000390699 /* Characters.swift in Sources */ = {isa = PBXBuildFile; fileRef = 161711E728B4F18000390699 /* Characters.swift */; };
		161711EB28B4F37000390699 /* RickAndMortyPrototcol.swift in Sources */ = {isa = PBXBuildFile; fileRef = 161711EA28B4F37000390699 /* RickAndMortyPrototcol.swift */; };
		161711ED28B4F38700390699 /* RickAndMortyDataService.swift in Sources */ = {isa = PBXBuildFile; fileRef = 161711EC28B4F38700390699 /* RickAndMortyDataService.swift */; };
		161711EF28B4F55200390699 /* RickAndMortyViewModel.swift in Sources */ = {isa = PBXBuildFile; fileRef = 161711EE28B4F55200390699 /* RickAndMortyViewModel.swift */; };
		161711FB28B74E4200390699 /* image.png in Resources */ = {isa = PBXBuildFile; fileRef = 161711F828B74E4200390699 /* image.png */; };
/* End PBXBuildFile section */

/* Begin PBXFileReference section */
		161711D328B4F13500390699 /* Rick and Morty API - MVVM - Swift UI.app */ = {isa = PBXFileReference; explicitFileType = wrapper.application; includeInIndex = 0; path = "Rick and Morty API - MVVM - Swift UI.app"; sourceTree = BUILT_PRODUCTS_DIR; };
		161711D628B4F13500390699 /* Rick_and_Morty_API___MVVM___Swift_UIApp.swift */ = {isa = PBXFileReference; lastKnownFileType = sourcecode.swift; path = "Rick_and_Morty_API___MVVM___Swift_UIApp.swift"; sourceTree = "<group>"; };
		161711D828B4F13500390699 /* ContentView.swift */ = {isa = PBXFileReference; lastKnownFileType = sourcecode.swift; path = ContentView.swift; sourceTree = "<group>"; };
		161711DA28B4F13900390699 /* Assets.xcassets */ = {isa = PBXFileReference; lastKnownFileType = folder.assetcatalog; path = Assets.xcassets; sourceTree = "<group>"; };
		161711DD28B4F13900390699 /* Preview Assets.xcassets */ = {isa = PBXFileReference; lastKnownFileType = folder.assetcatalog; path = "Preview Assets.xcassets"; sourceTree = "<group>"; };
		161711E728B4F18000390699 /* Characters.swift */ = {isa = PBXFileReference; lastKnownFileType = sourcecode.swift; path = Characters.swift; sourceTree = "<group>"; };
		161711EA28B4F37000390699 /* RickAndMortyPrototcol.swift */ = {isa = PBXFileReference; lastKnownFileType = sourcecode.swift; path = RickAndMortyPrototcol.swift; sourceTree = "<group>"; };
		161711EC28B4F38700390699 /* RickAndMortyDataService.swift */ = {isa = PBXFileReference; lastKnownFileType = sourcecode.swift; path = RickAndMortyDataService.swift; sourceTree = "<group>"; };
		161711EE28B4F55200390699 /* RickAndMortyViewModel.swift */ = {isa = PBXFileReference; lastKnownFileType = sourcecode.swift; path = RickAndMortyViewModel.swift; sourceTree = "<group>"; };
		161711F028B6492E00390699 /* Readme.md */ = {isa = PBXFileReference; lastKnownFileType = net.daringfireball.markdown; path = Readme.md; sourceTree = "<group>"; };
		161711F828B74E4200390699 /* image.png */ = {isa = PBXFileReference; lastKnownFileType = image.png; path = image.png; sourceTree = "<group>"; };
/* End PBXFileReference section */

/* Begin PBXFrameworksBuildPhase section */
		161711D028B4F13500390699 /* Frameworks */ = {
			isa = PBXFrameworksBuildPhase;
			buildActionMask = 2147483647;
			files = (
			);
			runOnlyForDeploymentPostprocessing = 0;
		};
/* End PBXFrameworksBuildPhase section */

/* Begin PBXGroup section */
		161711CA28B4F13500390699 = {
			isa = PBXGroup;
			children = (
				161711D528B4F13500390699 /* Rick and Morty API - MVVM - Swift UI */,
				161711D428B4F13500390699 /* Products */,
			);
			sourceTree = "<group>";
		};
		161711D428B4F13500390699 /* Products */ = {
			isa = PBXGroup;
			children = (
				161711D328B4F13500390699 /* Rick and Morty API - MVVM - Swift UI.app */,
			);
			name = Products;
			sourceTree = "<group>";
		};
		161711D528B4F13500390699 /* Rick and Morty API - MVVM - Swift UI */ = {
			isa = PBXGroup;
			children = (
				161711F828B74E4200390699 /* image.png */,
				161711F028B6492E00390699 /* Readme.md */,
				161711E428B4F15300390699 /* Models */,
				161711E928B4F33200390699 /* Views */,
				161711E528B4F15E00390699 /* View Model */,
				161711E628B4F16800390699 /* Services */,
				161711D628B4F13500390699 /* Rick_and_Morty_API___MVVM___Swift_UIApp.swift */,
				161711DA28B4F13900390699 /* Assets.xcassets */,
				161711DC28B4F13900390699 /* Preview Content */,
			);
			path = "Rick and Morty API - MVVM - Swift UI";
			sourceTree = "<group>";
		};
		161711DC28B4F13900390699 /* Preview Content */ = {
			isa = PBXGroup;
			children = (
				161711DD28B4F13900390699 /* Preview Assets.xcassets */,
			);
			path = "Preview Content";
			sourceTree = "<group>";
		};
		161711E428B4F15300390699 /* Models */ = {
			isa = PBXGroup;
			children = (
				161711E728B4F18000390699 /* Characters.swift */,
			);
			path = Models;
			sourceTree = "<group>";
		};
		161711E528B4F15E00390699 /* View Model */ = {
			isa = PBXGroup;
			children = (
				161711EE28B4F55200390699 /* RickAndMortyViewModel.swift */,
			);
			path = "View Model";
			sourceTree = "<group>";
		};
		161711E628B4F16800390699 /* Services */ = {
			isa = PBXGroup;
			children = (
				161711EA28B4F37000390699 /* RickAndMortyPrototcol.swift */,
				161711EC28B4F38700390699 /* RickAndMortyDataService.swift */,
			);
			path = Services;
			sourceTree = "<group>";
		};
		161711E928B4F33200390699 /* Views */ = {
			isa = PBXGroup;
			children = (
				161711D828B4F13500390699 /* ContentView.swift */,
			);
			path = Views;
			sourceTree = "<group>";
		};
/* End PBXGroup section */

/* Begin PBXNativeTarget section */
		161711D228B4F13500390699 /* Rick and Morty API - MVVM - Swift UI */ = {
			isa = PBXNativeTarget;
			buildConfigurationList = 161711E128B4F13900390699 /* Build configuration list for PBXNativeTarget "Rick and Morty API - MVVM - Swift UI" */;
			buildPhases = (
				161711CF28B4F13500390699 /* Sources */,
				161711D028B4F13500390699 /* Frameworks */,
				161711D128B4F13500390699 /* Resources */,
			);
			buildRules = (
			);
			dependencies = (
			);
			name = "Rick and Morty API - MVVM - Swift UI";
			productName = "Rick and Morty API - MVVM - Swift UI";
			productReference = 161711D328B4F13500390699 /* Rick and Morty API - MVVM - Swift UI.app */;
			productType = "com.apple.product-type.application";
		};
/* End PBXNativeTarget section */

/* Begin PBXProject section */
		161711CB28B4F13500390699 /* Project object */ = {
			isa = PBXProject;
			attributes = {
				BuildIndependentTargetsInParallel = 1;
				LastSwiftUpdateCheck = 1340;
				LastUpgradeCheck = 1340;
				TargetAttributes = {
					161711D228B4F13500390699 = {
						CreatedOnToolsVersion = 13.4.1;
					};
				};
			};
			buildConfigurationList = 161711CE28B4F13500390699 /* Build configuration list for PBXProject "Rick and Morty API - MVVM - Swift UI" */;
			compatibilityVersion = "Xcode 13.0";
			developmentRegion = en;
			hasScannedForEncodings = 0;
			knownRegions = (
				en,
				Base,
			);
			mainGroup = 161711CA28B4F13500390699;
			productRefGroup = 161711D428B4F13500390699 /* Products */;
			projectDirPath = "";
			projectRoot = "";
			targets = (
				161711D228B4F13500390699 /* Rick and Morty API - MVVM - Swift UI */,
			);
		};
/* End PBXProject section */

/* Begin PBXResourcesBuildPhase section */
		161711D128B4F13500390699 /* Resources */ = {
			isa = PBXResourcesBuildPhase;
			buildActionMask = 2147483647;
			files = (
				161711DE28B4F13900390699 /* Preview Assets.xcassets in Resources */,
				161711DB28B4F13900390699 /* Assets.xcassets in Resources */,
				161711FB28B74E4200390699 /* image.png in Resources */,
			);
			runOnlyForDeploymentPostprocessing = 0;
		};
/* End PBXResourcesBuildPhase section */

/* Begin PBXSourcesBuildPhase section */
		161711CF28B4F13500390699 /* Sources */ = {
			isa = PBXSourcesBuildPhase;
			buildActionMask = 2147483647;
			files = (
				161711D928B4F13500390699 /* ContentView.swift in Sources */,
				161711ED28B4F38700390699 /* RickAndMortyDataService.swift in Sources */,
				161711E828B4F18000390699 /* Characters.swift in Sources */,
				161711D728B4F13500390699 /* Rick_and_Morty_API___MVVM___Swift_UIApp.swift in Sources */,
				161711EB28B4F37000390699 /* RickAndMortyPrototcol.swift in Sources */,
				161711EF28B4F55200390699 /* RickAndMortyViewModel.swift in Sources */,
			);
			runOnlyForDeploymentPostprocessing = 0;
		};
/* End PBXSourcesBuildPhase section */

/* Begin XCBuildConfiguration section */
		161711DF28B4F13900390699 /* Debug */ = {
			isa = XCBuildConfiguration;
			buildSettings = {
				ALWAYS_SEARCH_USER_PATHS = NO;
				CLANG_ANALYZER_NONNULL = YES;
				CLANG_ANALYZER_NUMBER_OBJECT_CONVERSION = YES_AGGRESSIVE;
				CLANG_CXX_LANGUAGE_STANDARD = "gnu++17";
				CLANG_ENABLE_MODULES = YES;
				CLANG_ENABLE_OBJC_ARC = YES;
				CLANG_ENABLE_OBJC_WEAK = YES;
				CLANG_WARN_BLOCK_CAPTURE_AUTORELEASING = YES;
				CLANG_WARN_BOOL_CONVERSION = YES;
				CLANG_WARN_COMMA = YES;
				CLANG_WARN_CONSTANT_CONVERSION = YES;
				CLANG_WARN_DEPRECATED_OBJC_IMPLEMENTATIONS = YES;
				CLANG_WARN_DIRECT_OBJC_ISA_USAGE = YES_ERROR;
				CLANG_WARN_DOCUMENTATION_COMMENTS = YES;
				CLANG_WARN_EMPTY_BODY = YES;
				CLANG_WARN_ENUM_CONVERSION = YES;
				CLANG_WARN_INFINITE_RECURSION = YES;
				CLANG_WARN_INT_CONVERSION = YES;
				CLANG_WARN_NON_LITERAL_NULL_CONVERSION = YES;
				CLANG_WARN_OBJC_IMPLICIT_RETAIN_SELF = YES;
				CLANG_WARN_OBJC_LITERAL_CONVERSION = YES;
				CLANG_WARN_OBJC_ROOT_CLASS = YES_ERROR;
				CLANG_WARN_QUOTED_INCLUDE_IN_FRAMEWORK_HEADER = YES;
				CLANG_WARN_RANGE_LOOP_ANALYSIS = YES;
				CLANG_WARN_STRICT_PROTOTYPES = YES;
				CLANG_WARN_SUSPICIOUS_MOVE = YES;
				CLANG_WARN_UNGUARDED_AVAILABILITY = YES_AGGRESSIVE;
				CLANG_WARN_UNREACHABLE_CODE = YES;
				CLANG_WARN__DUPLICATE_METHOD_MATCH = YES;
				COPY_PHASE_STRIP = NO;
				DEBUG_INFORMATION_FORMAT = dwarf;
				ENABLE_STRICT_OBJC_MSGSEND = YES;
				ENABLE_TESTABILITY = YES;
				GCC_C_LANGUAGE_STANDARD = gnu11;
				GCC_DYNAMIC_NO_PIC = NO;
				GCC_NO_COMMON_BLOCKS = YES;
				GCC_OPTIMIZATION_LEVEL = 0;
				GCC_PREPROCESSOR_DEFINITIONS = (
					"DEBUG=1",
					"$(inherited)",
				);
				GCC_WARN_64_TO_32_BIT_CONVERSION = YES;
				GCC_WARN_ABOUT_RETURN_TYPE = YES_ERROR;
				GCC_WARN_UNDECLARED_SELECTOR = YES;
				GCC_WARN_UNINITIALIZED_AUTOS = YES_AGGRESSIVE;
				GCC_WARN_UNUSED_FUNCTION = YES;
				GCC_WARN_UNUSED_VARIABLE = YES;
				IPHONEOS_DEPLOYMENT_TARGET = 15.5;
				MTL_ENABLE_DEBUG_INFO = INCLUDE_SOURCE;
				MTL_FAST_MATH = YES;
				ONLY_ACTIVE_ARCH = YES;
				SDKROOT = iphoneos;
				SWIFT_ACTIVE_COMPILATION_CONDITIONS = DEBUG;
				SWIFT_OPTIMIZATION_LEVEL = "-Onone";
			};
			name = Debug;
		};
		161711E028B4F13900390699 /* Release */ = {
			isa = XCBuildConfiguration;
			buildSettings = {
				ALWAYS_SEARCH_USER_PATHS = NO;
				CLANG_ANALYZER_NONNULL = YES;
				CLANG_ANALYZER_NUMBER_OBJECT_CONVERSION = YES_AGGRESSIVE;
				CLANG_CXX_LANGUAGE_STANDARD = "gnu++17";
				CLANG_ENABLE_MODULES = YES;
				CLANG_ENABLE_OBJC_ARC = YES;
				CLANG_ENABLE_OBJC_WEAK = YES;
				CLANG_WARN_BLOCK_CAPTURE_AUTORELEASING = YES;
				CLANG_WARN_BOOL_CONVERSION = YES;
				CLANG_WARN_COMMA = YES;
				CLANG_WARN_CONSTANT_CONVERSION = YES;
				CLANG_WARN_DEPRECATED_OBJC_IMPLEMENTATIONS = YES;
				CLANG_WARN_DIRECT_OBJC_ISA_USAGE = YES_ERROR;
				CLANG_WARN_DOCUMENTATION_COMMENTS = YES;
				CLANG_WARN_EMPTY_BODY = YES;
				CLANG_WARN_ENUM_CONVERSION = YES;
				CLANG_WARN_INFINITE_RECURSION = YES;
				CLANG_WARN_INT_CONVERSION = YES;
				CLANG_WARN_NON_LITERAL_NULL_CONVERSION = YES;
				CLANG_WARN_OBJC_IMPLICIT_RETAIN_SELF = YES;
				CLANG_WARN_OBJC_LITERAL_CONVERSION = YES;
				CLANG_WARN_OBJC_ROOT_CLASS = YES_ERROR;
				CLANG_WARN_QUOTED_INCLUDE_IN_FRAMEWORK_HEADER = YES;
				CLANG_WARN_RANGE_LOOP_ANALYSIS = YES;
				CLANG_WARN_STRICT_PROTOTYPES = YES;
				CLANG_WARN_SUSPICIOUS_MOVE = YES;
				CLANG_WARN_UNGUARDED_AVAILABILITY = YES_AGGRESSIVE;
				CLANG_WARN_UNREACHABLE_CODE = YES;
				CLANG_WARN__DUPLICATE_METHOD_MATCH = YES;
				COPY_PHASE_STRIP = NO;
				DEBUG_INFORMATION_FORMAT = "dwarf-with-dsym";
				ENABLE_NS_ASSERTIONS = NO;
				ENABLE_STRICT_OBJC_MSGSEND = YES;
				GCC_C_LANGUAGE_STANDARD = gnu11;
				GCC_NO_COMMON_BLOCKS = YES;
				GCC_WARN_64_TO_32_BIT_CONVERSION = YES;
				GCC_WARN_ABOUT_RETURN_TYPE = YES_ERROR;
				GCC_WARN_UNDECLARED_SELECTOR = YES;
				GCC_WARN_UNINITIALIZED_AUTOS = YES_AGGRESSIVE;
				GCC_WARN_UNUSED_FUNCTION = YES;
				GCC_WARN_UNUSED_VARIABLE = YES;
				IPHONEOS_DEPLOYMENT_TARGET = 15.5;
				MTL_ENABLE_DEBUG_INFO = NO;
				MTL_FAST_MATH = YES;
				SDKROOT = iphoneos;
				SWIFT_COMPILATION_MODE = wholemodule;
				SWIFT_OPTIMIZATION_LEVEL = "-O";
				VALIDATE_PRODUCT = YES;
			};
			name = Release;
		};
		161711E228B4F13900390699 /* Debug */ = {
			isa = XCBuildConfiguration;
			buildSettings = {
				ASSETCATALOG_COMPILER_APPICON_NAME = AppIcon;
				ASSETCATALOG_COMPILER_GLOBAL_ACCENT_COLOR_NAME = AccentColor;
				CODE_SIGN_STYLE = Automatic;
				CURRENT_PROJECT_VERSION = 1;
				DEVELOPMENT_ASSET_PATHS = "\"Rick and Morty API - MVVM - Swift UI/Preview Content\"";
				DEVELOPMENT_TEAM = LLVUWV97ZX;
				ENABLE_PREVIEWS = YES;
				GENERATE_INFOPLIST_FILE = YES;
				INFOPLIST_KEY_UIApplicationSceneManifest_Generation = YES;
				INFOPLIST_KEY_UIApplicationSupportsIndirectInputEvents = YES;
				INFOPLIST_KEY_UILaunchScreen_Generation = YES;
				INFOPLIST_KEY_UISupportedInterfaceOrientations_iPad = "UIInterfaceOrientationPortrait UIInterfaceOrientationPortraitUpsideDown UIInterfaceOrientationLandscapeLeft UIInterfaceOrientationLandscapeRight";
				INFOPLIST_KEY_UISupportedInterfaceOrientations_iPhone = "UIInterfaceOrientationPortrait UIInterfaceOrientationLandscapeLeft UIInterfaceOrientationLandscapeRight";
				LD_RUNPATH_SEARCH_PATHS = (
					"$(inherited)",
					"@executable_path/Frameworks",
				);
				MARKETING_VERSION = 1.0;
				PRODUCT_BUNDLE_IDENTIFIER = "com.VictorGaritskyu.Rick-and-Morty-API---MVVM---Swift-UI";
				PRODUCT_NAME = "$(TARGET_NAME)";
				SWIFT_EMIT_LOC_STRINGS = YES;
				SWIFT_VERSION = 5.0;
				TARGETED_DEVICE_FAMILY = "1,2";
			};
			name = Debug;
		};
		161711E328B4F13900390699 /* Release */ = {
			isa = XCBuildConfiguration;
			buildSettings = {
				ASSETCATALOG_COMPILER_APPICON_NAME = AppIcon;
				ASSETCATALOG_COMPILER_GLOBAL_ACCENT_COLOR_NAME = AccentColor;
				CODE_SIGN_STYLE = Automatic;
				CURRENT_PROJECT_VERSION = 1;
				DEVELOPMENT_ASSET_PATHS = "\"Rick and Morty API - MVVM - Swift UI/Preview Content\"";
				DEVELOPMENT_TEAM = LLVUWV97ZX;
				ENABLE_PREVIEWS = YES;
				GENERATE_INFOPLIST_FILE = YES;
				INFOPLIST_KEY_UIApplicationSceneManifest_Generation = YES;
				INFOPLIST_KEY_UIApplicationSupportsIndirectInputEvents = YES;
				INFOPLIST_KEY_UILaunchScreen_Generation = YES;
				INFOPLIST_KEY_UISupportedInterfaceOrientations_iPad = "UIInterfaceOrientationPortrait UIInterfaceOrientationPortraitUpsideDown UIInterfaceOrientationLandscapeLeft UIInterfaceOrientationLandscapeRight";
				INFOPLIST_KEY_UISupportedInterfaceOrientations_iPhone = "UIInterfaceOrientationPortrait UIInterfaceOrientationLandscapeLeft UIInterfaceOrientationLandscapeRight";
				LD_RUNPATH_SEARCH_PATHS = (
					"$(inherited)",
					"@executable_path/Frameworks",
				);
				MARKETING_VERSION = 1.0;
				PRODUCT_BUNDLE_IDENTIFIER = "com.VictorGaritskyu.Rick-and-Morty-API---MVVM---Swift-UI";
				PRODUCT_NAME = "$(TARGET_NAME)";
				SWIFT_EMIT_LOC_STRINGS = YES;
				SWIFT_VERSION = 5.0;
				TARGETED_DEVICE_FAMILY = "1,2";
			};
			name = Release;
		};
/* End XCBuildConfiguration section */

/* Begin XCConfigurationList section */
		161711CE28B4F13500390699 /* Build configuration list for PBXProject "Rick and Morty API - MVVM - Swift UI" */ = {
			isa = XCConfigurationList;
			buildConfigurations = (
				161711DF28B4F13900390699 /* Debug */,
				161711E028B4F13900390699 /* Release */,
			);
			defaultConfigurationIsVisible = 0;
			defaultConfigurationName = Release;
		};
		161711E128B4F13900390699 /* Build configuration list for PBXNativeTarget "Rick and Morty API - MVVM - Swift UI" */ = {
			isa = XCConfigurationList;
			buildConfigurations = (
				161711E228B4F13900390699 /* Debug */,
				161711E328B4F13900390699 /* Release */,
			);
			defaultConfigurationIsVisible = 0;
			defaultConfigurationName = Release;
		};
/* End XCConfigurationList section */
	};
	rootObject = 161711CB28B4F13500390699 /* Project object */;
}
